<?xml version="1.0" encoding="utf-8"?>
<Project ToolsVersion="4.0" xmlns="http://schemas.microsoft.com/developer/msbuild/2003">
  <ItemGroup>
    <Filter Include="源文件">
      <UniqueIdentifier>{4FC737F1-C7A5-4376-A066-2A32D752A2FF}</UniqueIdentifier>
      <Extensions>cpp;c;cc;cxx;c++;cppm;ixx;def;odl;idl;hpj;bat;asm;asmx</Extensions>
    </Filter>
    <Filter Include="头文件">
      <UniqueIdentifier>{93995380-89BD-4b04-88EB-625FBE52EBFB}</UniqueIdentifier>
      <Extensions>h;hh;hpp;hxx;h++;hm;inl;inc;ipp;xsd</Extensions>
    </Filter>
    <Filter Include="资源文件">
      <UniqueIdentifier>{67DA6AB6-F800-4c08-8B7A-83BB121AAD01}</UniqueIdentifier>
      <Extensions>rc;ico;cur;bmp;dlg;rc2;rct;bin;rgs;gif;jpg;jpeg;jpe;resx;tiff;tif;png;wav;mfcribbon-ms</Extensions>
    </Filter>
  </ItemGroup>
  <ItemGroup>
    <ClCompile Include="源.cpp">
      <Filter>源文件</Filter>
    </ClCompile>
    <ClCompile Include="问题.cpp">
      <Filter>源文件</Filter>
    </ClCompile>
    <ClCompile Include="源1105中值-乘法.cpp">
      <Filter>源文件</Filter>
    </ClCompile>
    <ClCompile Include="选择学习选择成功.cpp">
      <Filter>源文件</Filter>
    </ClCompile>
    <ClCompile Include="敲两万行代码.cpp">
      <Filter>源文件</Filter>
    </ClCompile>
    <ClCompile Include="比大小.cpp">
      <Filter>源文件</Filter>
    </ClCompile>
    <ClCompile Include="地址与指针变量.cpp">
      <Filter>源文件</Filter>
    </ClCompile>
    <ClCompile Include="数据类型的大小.cpp">
      <Filter>源文件</Filter>
    </ClCompile>
    <ClCompile Include="scanf.cpp">
      <Filter>源文件</Filter>
    </ClCompile>
    <ClCompile Include="猜数.cpp">
      <Filter>源文件</Filter>
    </ClCompile>
    <ClCompile Include="结构体.cpp">
      <Filter>源文件</Filter>
    </ClCompile>
    <ClCompile Include="while.cpp">
      <Filter>源文件</Filter>
    </ClCompile>
    <ClCompile Include="for.cpp">
      <Filter>源文件</Filter>
    </ClCompile>
    <ClCompile Include="n的阶乘.cpp">
      <Filter>源文件</Filter>
    </ClCompile>
    <ClCompile Include="有序数组（二分）查找.cpp">
      <Filter>源文件</Filter>
    </ClCompile>
    <ClCompile Include="两侧向中间出现字符.cpp">
      <Filter>源文件</Filter>
    </ClCompile>
    <ClCompile Include="密码输入.cpp">
      <Filter>源文件</Filter>
    </ClCompile>
    <ClCompile Include="三个数比大小.cpp">
      <Filter>源文件</Filter>
    </ClCompile>
    <ClCompile Include="最大公约数.cpp">
      <Filter>源文件</Filter>
    </ClCompile>
    <ClCompile Include="打印100-200的素数.cpp">
      <Filter>源文件</Filter>
    </ClCompile>
    <ClCompile Include="打印1000--2000的闰年.cpp">
      <Filter>源文件</Filter>
    </ClCompile>
    <ClCompile Include="关机.cpp">
      <Filter>源文件</Filter>
    </ClCompile>
    <ClCompile Include="找最大值函数.cpp">
      <Filter>源文件</Filter>
    </ClCompile>
    <ClCompile Include="交换整型变量的值函数.cpp">
      <Filter>源文件</Filter>
    </ClCompile>
  </ItemGroup>
</Project>